
Microsoft Visual Studio Solution File, Format Version 12.00
# Visual Studio 15
Project("{FAE04EC0-301F-11D3-BF4B-00C04F79EFBC}") = "Unity.Timeline", "Unity.Timeline.csproj", "{2367C5BF-27F8-2ABF-BD12-522BAD239332}"
EndProject
Project("{FAE04EC0-301F-11D3-BF4B-00C04F79EFBC}") = "Unity.Timeline.Editor", "Unity.Timeline.Editor.csproj", "{CE76137F-F474-D897-2CF3-A6435607F2C3}"
EndProject
Project("{FAE04EC0-301F-11D3-BF4B-00C04F79EFBC}") = "Unity.TextMeshPro.Editor", "Unity.TextMeshPro.Editor.csproj", "{8A7A06BD-2D4B-C09B-49D7-0300F729F6B4}"
EndProject
Project("{FAE04EC0-301F-11D3-BF4B-00C04F79EFBC}") = "Unity.VisualScripting.Flow", "Unity.VisualScripting.Flow.csproj", "{AE10234A-2BDE-EB62-096E-F7586B69A648}"
EndProject
Project("{FAE04EC0-301F-11D3-BF4B-00C04F79EFBC}") = "UnityEditor.UI", "UnityEditor.UI.csproj", "{EB1A0D79-C164-1C3E-8346-D4C2C902C702}"
EndProject
Project("{FAE04EC0-301F-11D3-BF4B-00C04F79EFBC}") = "Unity.PlasticSCM.Editor", "Unity.PlasticSCM.Editor.csproj", "{5BE860B2-E65C-2217-EC62-9AD4E4FDC1EC}"
EndProject
Project("{FAE04EC0-301F-11D3-BF4B-00C04F79EFBC}") = "Unity.VisualScripting.Core", "Unity.VisualScripting.Core.csproj", "{10F65060-FF01-4183-B3B9-31BD740B417E}"
EndProject
Project("{FAE04EC0-301F-11D3-BF4B-00C04F79EFBC}") = "Unity.VisualScripting.Core.Editor", "Unity.VisualScripting.Core.Editor.csproj", "{DD5728AD-5A05-D817-7EBB-AE0398F8493D}"
EndProject
Project("{FAE04EC0-301F-11D3-BF4B-00C04F79EFBC}") = "Unity.VisualScripting.Flow.Editor", "Unity.VisualScripting.Flow.Editor.csproj", "{A93BEF5F-58C2-0684-75B5-F0CFECDFFDFF}"
EndProject
Project("{FAE04EC0-301F-11D3-BF4B-00C04F79EFBC}") = "UnityEditor.TestRunner", "UnityEditor.TestRunner.csproj", "{FFD21DA4-807C-9585-0572-56B81990823B}"
EndProject
Project("{FAE04EC0-301F-11D3-BF4B-00C04F79EFBC}") = "Unity.VisualScripting.SettingsProvider.Editor", "Unity.VisualScripting.SettingsProvider.Editor.csproj", "{83A05EE1-84C9-7BC7-BE0F-1BDCD1255FB0}"
EndProject
Project("{FAE04EC0-301F-11D3-BF4B-00C04F79EFBC}") = "UnityEngine.TestRunner", "UnityEngine.TestRunner.csproj", "{CBE0546F-3753-040B-1766-32EA924E9AAA}"
EndProject
Project("{FAE04EC0-301F-11D3-BF4B-00C04F79EFBC}") = "UnityEngine.UI", "UnityEngine.UI.csproj", "{04B5098A-9A03-2EF8-70A0-9C47C2990EA6}"
EndProject
Project("{FAE04EC0-301F-11D3-BF4B-00C04F79EFBC}") = "Unity.VisualStudio.Editor", "Unity.VisualStudio.Editor.csproj", "{AF652315-43C6-C646-158C-9EADC2859BF9}"
EndProject
Project("{FAE04EC0-301F-11D3-BF4B-00C04F79EFBC}") = "Assembly-CSharp", "Assembly-CSharp.csproj", "{DF8CB130-420F-1E42-CD17-AAE8D633142C}"
EndProject
Project("{FAE04EC0-301F-11D3-BF4B-00C04F79EFBC}") = "Unity.TestTools.CodeCoverage.Editor.OpenCover.Model", "Unity.TestTools.CodeCoverage.Editor.OpenCover.Model.csproj", "{F81EFC00-E1B9-2E9E-B284-FD255EFAB1F0}"
EndProject
Project("{FAE04EC0-301F-11D3-BF4B-00C04F79EFBC}") = "Unity.Rider.Editor", "Unity.Rider.Editor.csproj", "{E1C50D7A-4E60-6FD8-913F-4CDE306F0353}"
EndProject
Project("{FAE04EC0-301F-11D3-BF4B-00C04F79EFBC}") = "Unity.VisualScripting.State.Editor", "Unity.VisualScripting.State.Editor.csproj", "{1D963C80-6A86-4CAD-91D9-71BA6D263776}"
EndProject
Project("{FAE04EC0-301F-11D3-BF4B-00C04F79EFBC}") = "Unity.TestTools.CodeCoverage.Editor", "Unity.TestTools.CodeCoverage.Editor.csproj", "{7EB181B4-A515-5122-7882-495D4E1ADA67}"
EndProject
Project("{FAE04EC0-301F-11D3-BF4B-00C04F79EFBC}") = "Unity.VisualScripting.State", "Unity.VisualScripting.State.csproj", "{095A2370-C9DE-5E3F-DB70-049C9828439A}"
EndProject
Project("{FAE04EC0-301F-11D3-BF4B-00C04F79EFBC}") = "XNodeEditor", "XNodeEditor.csproj", "{3220271E-7E9A-ED4C-E9BD-8171BEE30C33}"
EndProject
Project("{FAE04EC0-301F-11D3-BF4B-00C04F79EFBC}") = "Unity.TextMeshPro", "Unity.TextMeshPro.csproj", "{464364E4-A156-15AA-8CBB-70B4CDE90449}"
EndProject
Project("{FAE04EC0-301F-11D3-BF4B-00C04F79EFBC}") = "Unity.Performance.Profile-Analyzer.Editor", "Unity.Performance.Profile-Analyzer.Editor.csproj", "{B5045BD5-A30E-BAE5-7F43-024825756873}"
EndProject
Project("{FAE04EC0-301F-11D3-BF4B-00C04F79EFBC}") = "XNode", "XNode.csproj", "{D3885CB6-9C86-A0C8-C326-030B0B2AAAA2}"
EndProject
Project("{FAE04EC0-301F-11D3-BF4B-00C04F79EFBC}") = "Unity.VSCode.Editor", "Unity.VSCode.Editor.csproj", "{1AF6004A-7387-D97B-5DA4-CCA183B5A4B9}"
EndProject
Project("{FAE04EC0-301F-11D3-BF4B-00C04F79EFBC}") = "Unity.TestTools.CodeCoverage.Editor.OpenCover.Mono.Reflection", "Unity.TestTools.CodeCoverage.Editor.OpenCover.Mono.Reflection.csproj", "{32E21105-4E5D-666A-27FF-CECCC55FA87D}"
EndProject
Project("{FAE04EC0-301F-11D3-BF4B-00C04F79EFBC}") = "Unity.Settings.Editor", "Unity.Settings.Editor.csproj", "{064CDF30-B45E-DC5B-392C-2DDEEE8952B6}"
EndProject
Project("{FAE04EC0-301F-11D3-BF4B-00C04F79EFBC}") = "Unity.EditorCoroutines.Editor", "Unity.EditorCoroutines.Editor.csproj", "{64E04E22-6A65-268F-6299-EBCF29F6BEC1}"
EndProject
Project("{FAE04EC0-301F-11D3-BF4B-00C04F79EFBC}") = "Assembly-CSharp-Editor", "Assembly-CSharp-Editor.csproj", "{06EEDED8-63CE-F74A-54B0-1CE40EAD3FAE}"
EndProject
Project("{FAE04EC0-301F-11D3-BF4B-00C04F79EFBC}") = "Unity.VisualScripting.Shared.Editor", "Unity.VisualScripting.Shared.Editor.csproj", "{CA34CDFD-BC8C-0400-61E8-DB7A353EE1B0}"
EndProject
Project("{FAE04EC0-301F-11D3-BF4B-00C04F79EFBC}") = "Unity.CollabProxy.Editor", "Unity.CollabProxy.Editor.csproj", "{3DCE026D-9C04-D3CA-983E-09180EC9A3DE}"
EndProject
Project("{FAE04EC0-301F-11D3-BF4B-00C04F79EFBC}") = "Unity.Timeline", "Unity.Timeline.Player.csproj", "{550F7A49-BC28-95B9-B2E4-9187DDDF2E2E}"
EndProject
Project("{FAE04EC0-301F-11D3-BF4B-00C04F79EFBC}") = "Unity.VisualScripting.Flow", "Unity.VisualScripting.Flow.Player.csproj", "{77ACA007-FE3B-BBBD-E409-25C5A4557EE1}"
EndProject
Project("{FAE04EC0-301F-11D3-BF4B-00C04F79EFBC}") = "Unity.VisualScripting.Core", "Unity.VisualScripting.Core.Player.csproj", "{1EFF1FCD-3E5B-D699-9D65-67519C1E5A7B}"
EndProject
Project("{FAE04EC0-301F-11D3-BF4B-00C04F79EFBC}") = "UnityEngine.TestRunner", "UnityEngine.TestRunner.Player.csproj", "{15ACA0D3-33AE-647E-8531-80BCEA9570EF}"
EndProject
Project("{FAE04EC0-301F-11D3-BF4B-00C04F79EFBC}") = "UnityEngine.UI", "UnityEngine.UI.Player.csproj", "{2818310B-9EF3-AD05-A7A9-19C3BB91494A}"
EndProject
Project("{FAE04EC0-301F-11D3-BF4B-00C04F79EFBC}") = "Assembly-CSharp", "Assembly-CSharp.Player.csproj", "{4AFBE11C-5F81-0836-08DE-04A07377321F}"
EndProject
Project("{FAE04EC0-301F-11D3-BF4B-00C04F79EFBC}") = "Unity.VisualScripting.State", "Unity.VisualScripting.State.Player.csproj", "{91CA3AEE-1303-1B55-B606-B9F713FE09B8}"
EndProject
Project("{FAE04EC0-301F-11D3-BF4B-00C04F79EFBC}") = "Unity.TextMeshPro", "Unity.TextMeshPro.Player.csproj", "{8B3E69B4-1E32-5A0C-F347-80480FC3AD38}"
EndProject
Project("{FAE04EC0-301F-11D3-BF4B-00C04F79EFBC}") = "XNode", "XNode.Player.csproj", "{C265E678-5C9B-5E5E-6DDE-BE8BC84065F7}"
EndProject
Global
	GlobalSection(SolutionConfigurationPlatforms) = preSolution
		Debug|Any CPU = Debug|Any CPU
		Release|Any CPU = Release|Any CPU
	EndGlobalSection
	GlobalSection(ProjectConfigurationPlatforms) = postSolution
		{2367C5BF-27F8-2ABF-BD12-522BAD239332}.Debug|Any CPU.ActiveCfg = Debug|Any CPU
		{2367C5BF-27F8-2ABF-BD12-522BAD239332}.Debug|Any CPU.Build.0 = Debug|Any CPU
		{2367C5BF-27F8-2ABF-BD12-522BAD239332}.Release|Any CPU.ActiveCfg = Release|Any CPU
		{2367C5BF-27F8-2ABF-BD12-522BAD239332}.Release|Any CPU.Build.0 = Release|Any CPU
		{CE76137F-F474-D897-2CF3-A6435607F2C3}.Debug|Any CPU.ActiveCfg = Debug|Any CPU
		{CE76137F-F474-D897-2CF3-A6435607F2C3}.Debug|Any CPU.Build.0 = Debug|Any CPU
		{CE76137F-F474-D897-2CF3-A6435607F2C3}.Release|Any CPU.ActiveCfg = Release|Any CPU
		{CE76137F-F474-D897-2CF3-A6435607F2C3}.Release|Any CPU.Build.0 = Release|Any CPU
		{8A7A06BD-2D4B-C09B-49D7-0300F729F6B4}.Debug|Any CPU.ActiveCfg = Debug|Any CPU
		{8A7A06BD-2D4B-C09B-49D7-0300F729F6B4}.Debug|Any CPU.Build.0 = Debug|Any CPU
		{8A7A06BD-2D4B-C09B-49D7-0300F729F6B4}.Release|Any CPU.ActiveCfg = Release|Any CPU
		{8A7A06BD-2D4B-C09B-49D7-0300F729F6B4}.Release|Any CPU.Build.0 = Release|Any CPU
		{AE10234A-2BDE-EB62-096E-F7586B69A648}.Debug|Any CPU.ActiveCfg = Debug|Any CPU
		{AE10234A-2BDE-EB62-096E-F7586B69A648}.Debug|Any CPU.Build.0 = Debug|Any CPU
		{AE10234A-2BDE-EB62-096E-F7586B69A648}.Release|Any CPU.ActiveCfg = Release|Any CPU
		{AE10234A-2BDE-EB62-096E-F7586B69A648}.Release|Any CPU.Build.0 = Release|Any CPU
		{EB1A0D79-C164-1C3E-8346-D4C2C902C702}.Debug|Any CPU.ActiveCfg = Debug|Any CPU
		{EB1A0D79-C164-1C3E-8346-D4C2C902C702}.Debug|Any CPU.Build.0 = Debug|Any CPU
		{EB1A0D79-C164-1C3E-8346-D4C2C902C702}.Release|Any CPU.ActiveCfg = Release|Any CPU
		{EB1A0D79-C164-1C3E-8346-D4C2C902C702}.Release|Any CPU.Build.0 = Release|Any CPU
		{5BE860B2-E65C-2217-EC62-9AD4E4FDC1EC}.Debug|Any CPU.ActiveCfg = Debug|Any CPU
		{5BE860B2-E65C-2217-EC62-9AD4E4FDC1EC}.Debug|Any CPU.Build.0 = Debug|Any CPU
		{5BE860B2-E65C-2217-EC62-9AD4E4FDC1EC}.Release|Any CPU.ActiveCfg = Release|Any CPU
		{5BE860B2-E65C-2217-EC62-9AD4E4FDC1EC}.Release|Any CPU.Build.0 = Release|Any CPU
		{10F65060-FF01-4183-B3B9-31BD740B417E}.Debug|Any CPU.ActiveCfg = Debug|Any CPU
		{10F65060-FF01-4183-B3B9-31BD740B417E}.Debug|Any CPU.Build.0 = Debug|Any CPU
		{10F65060-FF01-4183-B3B9-31BD740B417E}.Release|Any CPU.ActiveCfg = Release|Any CPU
		{10F65060-FF01-4183-B3B9-31BD740B417E}.Release|Any CPU.Build.0 = Release|Any CPU
		{DD5728AD-5A05-D817-7EBB-AE0398F8493D}.Debug|Any CPU.ActiveCfg = Debug|Any CPU
		{DD5728AD-5A05-D817-7EBB-AE0398F8493D}.Debug|Any CPU.Build.0 = Debug|Any CPU
		{DD5728AD-5A05-D817-7EBB-AE0398F8493D}.Release|Any CPU.ActiveCfg = Release|Any CPU
		{DD5728AD-5A05-D817-7EBB-AE0398F8493D}.Release|Any CPU.Build.0 = Release|Any CPU
		{A93BEF5F-58C2-0684-75B5-F0CFECDFFDFF}.Debug|Any CPU.ActiveCfg = Debug|Any CPU
		{A93BEF5F-58C2-0684-75B5-F0CFECDFFDFF}.Debug|Any CPU.Build.0 = Debug|Any CPU
		{A93BEF5F-58C2-0684-75B5-F0CFECDFFDFF}.Release|Any CPU.ActiveCfg = Release|Any CPU
		{A93BEF5F-58C2-0684-75B5-F0CFECDFFDFF}.Release|Any CPU.Build.0 = Release|Any CPU
		{FFD21DA4-807C-9585-0572-56B81990823B}.Debug|Any CPU.ActiveCfg = Debug|Any CPU
		{FFD21DA4-807C-9585-0572-56B81990823B}.Debug|Any CPU.Build.0 = Debug|Any CPU
		{FFD21DA4-807C-9585-0572-56B81990823B}.Release|Any CPU.ActiveCfg = Release|Any CPU
		{FFD21DA4-807C-9585-0572-56B81990823B}.Release|Any CPU.Build.0 = Release|Any CPU
		{83A05EE1-84C9-7BC7-BE0F-1BDCD1255FB0}.Debug|Any CPU.ActiveCfg = Debug|Any CPU
		{83A05EE1-84C9-7BC7-BE0F-1BDCD1255FB0}.Debug|Any CPU.Build.0 = Debug|Any CPU
		{83A05EE1-84C9-7BC7-BE0F-1BDCD1255FB0}.Release|Any CPU.ActiveCfg = Release|Any CPU
		{83A05EE1-84C9-7BC7-BE0F-1BDCD1255FB0}.Release|Any CPU.Build.0 = Release|Any CPU
		{CBE0546F-3753-040B-1766-32EA924E9AAA}.Debug|Any CPU.ActiveCfg = Debug|Any CPU
		{CBE0546F-3753-040B-1766-32EA924E9AAA}.Debug|Any CPU.Build.0 = Debug|Any CPU
		{CBE0546F-3753-040B-1766-32EA924E9AAA}.Release|Any CPU.ActiveCfg = Release|Any CPU
		{CBE0546F-3753-040B-1766-32EA924E9AAA}.Release|Any CPU.Build.0 = Release|Any CPU
		{04B5098A-9A03-2EF8-70A0-9C47C2990EA6}.Debug|Any CPU.ActiveCfg = Debug|Any CPU
		{04B5098A-9A03-2EF8-70A0-9C47C2990EA6}.Debug|Any CPU.Build.0 = Debug|Any CPU
		{04B5098A-9A03-2EF8-70A0-9C47C2990EA6}.Release|Any CPU.ActiveCfg = Release|Any CPU
		{04B5098A-9A03-2EF8-70A0-9C47C2990EA6}.Release|Any CPU.Build.0 = Release|Any CPU
		{AF652315-43C6-C646-158C-9EADC2859BF9}.Debug|Any CPU.ActiveCfg = Debug|Any CPU
		{AF652315-43C6-C646-158C-9EADC2859BF9}.Debug|Any CPU.Build.0 = Debug|Any CPU
		{AF652315-43C6-C646-158C-9EADC2859BF9}.Release|Any CPU.ActiveCfg = Release|Any CPU
		{AF652315-43C6-C646-158C-9EADC2859BF9}.Release|Any CPU.Build.0 = Release|Any CPU
		{DF8CB130-420F-1E42-CD17-AAE8D633142C}.Debug|Any CPU.ActiveCfg = Debug|Any CPU
		{DF8CB130-420F-1E42-CD17-AAE8D633142C}.Debug|Any CPU.Build.0 = Debug|Any CPU
		{DF8CB130-420F-1E42-CD17-AAE8D633142C}.Release|Any CPU.ActiveCfg = Release|Any CPU
		{DF8CB130-420F-1E42-CD17-AAE8D633142C}.Release|Any CPU.Build.0 = Release|Any CPU
		{F81EFC00-E1B9-2E9E-B284-FD255EFAB1F0}.Debug|Any CPU.ActiveCfg = Debug|Any CPU
		{F81EFC00-E1B9-2E9E-B284-FD255EFAB1F0}.Debug|Any CPU.Build.0 = Debug|Any CPU
		{F81EFC00-E1B9-2E9E-B284-FD255EFAB1F0}.Release|Any CPU.ActiveCfg = Release|Any CPU
		{F81EFC00-E1B9-2E9E-B284-FD255EFAB1F0}.Release|Any CPU.Build.0 = Release|Any CPU
		{E1C50D7A-4E60-6FD8-913F-4CDE306F0353}.Debug|Any CPU.ActiveCfg = Debug|Any CPU
		{E1C50D7A-4E60-6FD8-913F-4CDE306F0353}.Debug|Any CPU.Build.0 = Debug|Any CPU
		{E1C50D7A-4E60-6FD8-913F-4CDE306F0353}.Release|Any CPU.ActiveCfg = Release|Any CPU
		{E1C50D7A-4E60-6FD8-913F-4CDE306F0353}.Release|Any CPU.Build.0 = Release|Any CPU
		{1D963C80-6A86-4CAD-91D9-71BA6D263776}.Debug|Any CPU.ActiveCfg = Debug|Any CPU
		{1D963C80-6A86-4CAD-91D9-71BA6D263776}.Debug|Any CPU.Build.0 = Debug|Any CPU
		{1D963C80-6A86-4CAD-91D9-71BA6D263776}.Release|Any CPU.ActiveCfg = Release|Any CPU
		{1D963C80-6A86-4CAD-91D9-71BA6D263776}.Release|Any CPU.Build.0 = Release|Any CPU
		{7EB181B4-A515-5122-7882-495D4E1ADA67}.Debug|Any CPU.ActiveCfg = Debug|Any CPU
		{7EB181B4-A515-5122-7882-495D4E1ADA67}.Debug|Any CPU.Build.0 = Debug|Any CPU
		{7EB181B4-A515-5122-7882-495D4E1ADA67}.Release|Any CPU.ActiveCfg = Release|Any CPU
		{7EB181B4-A515-5122-7882-495D4E1ADA67}.Release|Any CPU.Build.0 = Release|Any CPU
		{095A2370-C9DE-5E3F-DB70-049C9828439A}.Debug|Any CPU.ActiveCfg = Debug|Any CPU
		{095A2370-C9DE-5E3F-DB70-049C9828439A}.Debug|Any CPU.Build.0 = Debug|Any CPU
		{095A2370-C9DE-5E3F-DB70-049C9828439A}.Release|Any CPU.ActiveCfg = Release|Any CPU
		{095A2370-C9DE-5E3F-DB70-049C9828439A}.Release|Any CPU.Build.0 = Release|Any CPU
		{3220271E-7E9A-ED4C-E9BD-8171BEE30C33}.Debug|Any CPU.ActiveCfg = Debug|Any CPU
		{3220271E-7E9A-ED4C-E9BD-8171BEE30C33}.Debug|Any CPU.Build.0 = Debug|Any CPU
		{3220271E-7E9A-ED4C-E9BD-8171BEE30C33}.Release|Any CPU.ActiveCfg = Release|Any CPU
		{3220271E-7E9A-ED4C-E9BD-8171BEE30C33}.Release|Any CPU.Build.0 = Release|Any CPU
		{464364E4-A156-15AA-8CBB-70B4CDE90449}.Debug|Any CPU.ActiveCfg = Debug|Any CPU
		{464364E4-A156-15AA-8CBB-70B4CDE90449}.Debug|Any CPU.Build.0 = Debug|Any CPU
		{464364E4-A156-15AA-8CBB-70B4CDE90449}.Release|Any CPU.ActiveCfg = Release|Any CPU
		{464364E4-A156-15AA-8CBB-70B4CDE90449}.Release|Any CPU.Build.0 = Release|Any CPU
		{B5045BD5-A30E-BAE5-7F43-024825756873}.Debug|Any CPU.ActiveCfg = Debug|Any CPU
		{B5045BD5-A30E-BAE5-7F43-024825756873}.Debug|Any CPU.Build.0 = Debug|Any CPU
		{B5045BD5-A30E-BAE5-7F43-024825756873}.Release|Any CPU.ActiveCfg = Release|Any CPU
		{B5045BD5-A30E-BAE5-7F43-024825756873}.Release|Any CPU.Build.0 = Release|Any CPU
		{D3885CB6-9C86-A0C8-C326-030B0B2AAAA2}.Debug|Any CPU.ActiveCfg = Debug|Any CPU
		{D3885CB6-9C86-A0C8-C326-030B0B2AAAA2}.Debug|Any CPU.Build.0 = Debug|Any CPU
		{D3885CB6-9C86-A0C8-C326-030B0B2AAAA2}.Release|Any CPU.ActiveCfg = Release|Any CPU
		{D3885CB6-9C86-A0C8-C326-030B0B2AAAA2}.Release|Any CPU.Build.0 = Release|Any CPU
		{1AF6004A-7387-D97B-5DA4-CCA183B5A4B9}.Debug|Any CPU.ActiveCfg = Debug|Any CPU
		{1AF6004A-7387-D97B-5DA4-CCA183B5A4B9}.Debug|Any CPU.Build.0 = Debug|Any CPU
		{1AF6004A-7387-D97B-5DA4-CCA183B5A4B9}.Release|Any CPU.ActiveCfg = Release|Any CPU
		{1AF6004A-7387-D97B-5DA4-CCA183B5A4B9}.Release|Any CPU.Build.0 = Release|Any CPU
		{32E21105-4E5D-666A-27FF-CECCC55FA87D}.Debug|Any CPU.ActiveCfg = Debug|Any CPU
		{32E21105-4E5D-666A-27FF-CECCC55FA87D}.Debug|Any CPU.Build.0 = Debug|Any CPU
		{32E21105-4E5D-666A-27FF-CECCC55FA87D}.Release|Any CPU.ActiveCfg = Release|Any CPU
		{32E21105-4E5D-666A-27FF-CECCC55FA87D}.Release|Any CPU.Build.0 = Release|Any CPU
		{064CDF30-B45E-DC5B-392C-2DDEEE8952B6}.Debug|Any CPU.ActiveCfg = Debug|Any CPU
		{064CDF30-B45E-DC5B-392C-2DDEEE8952B6}.Debug|Any CPU.Build.0 = Debug|Any CPU
		{064CDF30-B45E-DC5B-392C-2DDEEE8952B6}.Release|Any CPU.ActiveCfg = Release|Any CPU
		{064CDF30-B45E-DC5B-392C-2DDEEE8952B6}.Release|Any CPU.Build.0 = Release|Any CPU
		{64E04E22-6A65-268F-6299-EBCF29F6BEC1}.Debug|Any CPU.ActiveCfg = Debug|Any CPU
		{64E04E22-6A65-268F-6299-EBCF29F6BEC1}.Debug|Any CPU.Build.0 = Debug|Any CPU
		{64E04E22-6A65-268F-6299-EBCF29F6BEC1}.Release|Any CPU.ActiveCfg = Release|Any CPU
		{64E04E22-6A65-268F-6299-EBCF29F6BEC1}.Release|Any CPU.Build.0 = Release|Any CPU
		{06EEDED8-63CE-F74A-54B0-1CE40EAD3FAE}.Debug|Any CPU.ActiveCfg = Debug|Any CPU
		{06EEDED8-63CE-F74A-54B0-1CE40EAD3FAE}.Debug|Any CPU.Build.0 = Debug|Any CPU
		{06EEDED8-63CE-F74A-54B0-1CE40EAD3FAE}.Release|Any CPU.ActiveCfg = Release|Any CPU
		{06EEDED8-63CE-F74A-54B0-1CE40EAD3FAE}.Release|Any CPU.Build.0 = Release|Any CPU
		{CA34CDFD-BC8C-0400-61E8-DB7A353EE1B0}.Debug|Any CPU.ActiveCfg = Debug|Any CPU
		{CA34CDFD-BC8C-0400-61E8-DB7A353EE1B0}.Debug|Any CPU.Build.0 = Debug|Any CPU
		{CA34CDFD-BC8C-0400-61E8-DB7A353EE1B0}.Release|Any CPU.ActiveCfg = Release|Any CPU
		{CA34CDFD-BC8C-0400-61E8-DB7A353EE1B0}.Release|Any CPU.Build.0 = Release|Any CPU
		{3DCE026D-9C04-D3CA-983E-09180EC9A3DE}.Debug|Any CPU.ActiveCfg = Debug|Any CPU
		{3DCE026D-9C04-D3CA-983E-09180EC9A3DE}.Debug|Any CPU.Build.0 = Debug|Any CPU
		{3DCE026D-9C04-D3CA-983E-09180EC9A3DE}.Release|Any CPU.ActiveCfg = Release|Any CPU
		{3DCE026D-9C04-D3CA-983E-09180EC9A3DE}.Release|Any CPU.Build.0 = Release|Any CPU
		{550F7A49-BC28-95B9-B2E4-9187DDDF2E2E}.Debug|Any CPU.ActiveCfg = Debug|Any CPU
		{550F7A49-BC28-95B9-B2E4-9187DDDF2E2E}.Debug|Any CPU.Build.0 = Debug|Any CPU
		{550F7A49-BC28-95B9-B2E4-9187DDDF2E2E}.Release|Any CPU.ActiveCfg = Release|Any CPU
		{550F7A49-BC28-95B9-B2E4-9187DDDF2E2E}.Release|Any CPU.Build.0 = Release|Any CPU
		{77ACA007-FE3B-BBBD-E409-25C5A4557EE1}.Debug|Any CPU.ActiveCfg = Debug|Any CPU
		{77ACA007-FE3B-BBBD-E409-25C5A4557EE1}.Debug|Any CPU.Build.0 = Debug|Any CPU
		{77ACA007-FE3B-BBBD-E409-25C5A4557EE1}.Release|Any CPU.ActiveCfg = Release|Any CPU
		{77ACA007-FE3B-BBBD-E409-25C5A4557EE1}.Release|Any CPU.Build.0 = Release|Any CPU
		{1EFF1FCD-3E5B-D699-9D65-67519C1E5A7B}.Debug|Any CPU.ActiveCfg = Debug|Any CPU
		{1EFF1FCD-3E5B-D699-9D65-67519C1E5A7B}.Debug|Any CPU.Build.0 = Debug|Any CPU
		{1EFF1FCD-3E5B-D699-9D65-67519C1E5A7B}.Release|Any CPU.ActiveCfg = Release|Any CPU
		{1EFF1FCD-3E5B-D699-9D65-67519C1E5A7B}.Release|Any CPU.Build.0 = Release|Any CPU
		{15ACA0D3-33AE-647E-8531-80BCEA9570EF}.Debug|Any CPU.ActiveCfg = Debug|Any CPU
		{15ACA0D3-33AE-647E-8531-80BCEA9570EF}.Debug|Any CPU.Build.0 = Debug|Any CPU
		{15ACA0D3-33AE-647E-8531-80BCEA9570EF}.Release|Any CPU.ActiveCfg = Release|Any CPU
		{15ACA0D3-33AE-647E-8531-80BCEA9570EF}.Release|Any CPU.Build.0 = Release|Any CPU
		{2818310B-9EF3-AD05-A7A9-19C3BB91494A}.Debug|Any CPU.ActiveCfg = Debug|Any CPU
		{2818310B-9EF3-AD05-A7A9-19C3BB91494A}.Debug|Any CPU.Build.0 = Debug|Any CPU
		{2818310B-9EF3-AD05-A7A9-19C3BB91494A}.Release|Any CPU.ActiveCfg = Release|Any CPU
		{2818310B-9EF3-AD05-A7A9-19C3BB91494A}.Release|Any CPU.Build.0 = Release|Any CPU
		{4AFBE11C-5F81-0836-08DE-04A07377321F}.Debug|Any CPU.ActiveCfg = Debug|Any CPU
		{4AFBE11C-5F81-0836-08DE-04A07377321F}.Debug|Any CPU.Build.0 = Debug|Any CPU
		{4AFBE11C-5F81-0836-08DE-04A07377321F}.Release|Any CPU.ActiveCfg = Release|Any CPU
		{4AFBE11C-5F81-0836-08DE-04A07377321F}.Release|Any CPU.Build.0 = Release|Any CPU
		{91CA3AEE-1303-1B55-B606-B9F713FE09B8}.Debug|Any CPU.ActiveCfg = Debug|Any CPU
		{91CA3AEE-1303-1B55-B606-B9F713FE09B8}.Debug|Any CPU.Build.0 = Debug|Any CPU
		{91CA3AEE-1303-1B55-B606-B9F713FE09B8}.Release|Any CPU.ActiveCfg = Release|Any CPU
		{91CA3AEE-1303-1B55-B606-B9F713FE09B8}.Release|Any CPU.Build.0 = Release|Any CPU
		{8B3E69B4-1E32-5A0C-F347-80480FC3AD38}.Debug|Any CPU.ActiveCfg = Debug|Any CPU
		{8B3E69B4-1E32-5A0C-F347-80480FC3AD38}.Debug|Any CPU.Build.0 = Debug|Any CPU
		{8B3E69B4-1E32-5A0C-F347-80480FC3AD38}.Release|Any CPU.ActiveCfg = Release|Any CPU
		{8B3E69B4-1E32-5A0C-F347-80480FC3AD38}.Release|Any CPU.Build.0 = Release|Any CPU
		{C265E678-5C9B-5E5E-6DDE-BE8BC84065F7}.Debug|Any CPU.ActiveCfg = Debug|Any CPU
		{C265E678-5C9B-5E5E-6DDE-BE8BC84065F7}.Debug|Any CPU.Build.0 = Debug|Any CPU
		{C265E678-5C9B-5E5E-6DDE-BE8BC84065F7}.Release|Any CPU.ActiveCfg = Release|Any CPU
		{C265E678-5C9B-5E5E-6DDE-BE8BC84065F7}.Release|Any CPU.Build.0 = Release|Any CPU
	EndGlobalSection
	GlobalSection(SolutionProperties) = preSolution
		HideSolutionNode = FALSE
	EndGlobalSection
EndGlobal
